// !$*UTF8*$!
{
	archiveVersion = 1;
	classes = {
	};
	objectVersion = 48;
	objects = {

/* Begin PBXBuildFile section */
		910650772010945000045FEB /* CategoryTableViewController.swift in Sources */ = {isa = PBXBuildFile; fileRef = 910650762010945000045FEB /* CategoryTableViewController.swift */; };
		9191040B2009E00D00EED79A /* AppDelegate.swift in Sources */ = {isa = PBXBuildFile; fileRef = 9191040A2009E00D00EED79A /* AppDelegate.swift */; };
		9191040D2009E00D00EED79A /* ToDoListViewController.swift in Sources */ = {isa = PBXBuildFile; fileRef = 9191040C2009E00D00EED79A /* ToDoListViewController.swift */; };
		919104102009E00D00EED79A /* Main.storyboard in Resources */ = {isa = PBXBuildFile; fileRef = 9191040E2009E00D00EED79A /* Main.storyboard */; };
		919104122009E00D00EED79A /* Assets.xcassets in Resources */ = {isa = PBXBuildFile; fileRef = 919104112009E00D00EED79A /* Assets.xcassets */; };
		919104152009E00D00EED79A /* LaunchScreen.storyboard in Resources */ = {isa = PBXBuildFile; fileRef = 919104132009E00D00EED79A /* LaunchScreen.storyboard */; };
		91D4DF382011BB0F00AC0B3D /* Item.swift in Sources */ = {isa = PBXBuildFile; fileRef = 91D4DF372011BB0F00AC0B3D /* Item.swift */; };
		91D4DF3A2011BB1B00AC0B3D /* Category.swift in Sources */ = {isa = PBXBuildFile; fileRef = 91D4DF392011BB1B00AC0B3D /* Category.swift */; };
		F9B8D9A89C796C121F92786B /* Pods_Todoey.framework in Frameworks */ = {isa = PBXBuildFile; fileRef = 64C6A2C3596EBF97B0BB6152 /* Pods_Todoey.framework */; };
/* End PBXBuildFile section */

/* Begin PBXFileReference section */
		321C7D78DE6D629703AD4AC9 /* Pods-Todoey.debug.xcconfig */ = {isa = PBXFileReference; includeInIndex = 1; lastKnownFileType = text.xcconfig; name = "Pods-Todoey.debug.xcconfig"; path = "Pods/Target Support Files/Pods-Todoey/Pods-Todoey.debug.xcconfig"; sourceTree = "<group>"; };
		64C6A2C3596EBF97B0BB6152 /* Pods_Todoey.framework */ = {isa = PBXFileReference; explicitFileType = wrapper.framework; includeInIndex = 0; path = Pods_Todoey.framework; sourceTree = BUILT_PRODUCTS_DIR; };
		910650762010945000045FEB /* CategoryTableViewController.swift */ = {isa = PBXFileReference; lastKnownFileType = sourcecode.swift; path = CategoryTableViewController.swift; sourceTree = "<group>"; };
		919104072009E00D00EED79A /* Todoey.app */ = {isa = PBXFileReference; explicitFileType = wrapper.application; includeInIndex = 0; path = Todoey.app; sourceTree = BUILT_PRODUCTS_DIR; };
		9191040A2009E00D00EED79A /* AppDelegate.swift */ = {isa = PBXFileReference; lastKnownFileType = sourcecode.swift; path = AppDelegate.swift; sourceTree = "<group>"; };
		9191040C2009E00D00EED79A /* ToDoListViewController.swift */ = {isa = PBXFileReference; lastKnownFileType = sourcecode.swift; path = ToDoListViewController.swift; sourceTree = "<group>"; };
		9191040F2009E00D00EED79A /* Base */ = {isa = PBXFileReference; lastKnownFileType = file.storyboard; name = Base; path = Base.lproj/Main.storyboard; sourceTree = "<group>"; };
		919104112009E00D00EED79A /* Assets.xcassets */ = {isa = PBXFileReference; lastKnownFileType = folder.assetcatalog; path = Assets.xcassets; sourceTree = "<group>"; };
		919104142009E00D00EED79A /* Base */ = {isa = PBXFileReference; lastKnownFileType = file.storyboard; name = Base; path = Base.lproj/LaunchScreen.storyboard; sourceTree = "<group>"; };
		919104162009E00D00EED79A /* Info.plist */ = {isa = PBXFileReference; lastKnownFileType = text.plist.xml; path = Info.plist; sourceTree = "<group>"; };
		91D4DF372011BB0F00AC0B3D /* Item.swift */ = {isa = PBXFileReference; lastKnownFileType = sourcecode.swift; path = Item.swift; sourceTree = "<group>"; };
		91D4DF392011BB1B00AC0B3D /* Category.swift */ = {isa = PBXFileReference; lastKnownFileType = sourcecode.swift; path = Category.swift; sourceTree = "<group>"; };
		E2D2CCFEE3C28F96646CDD2D /* Pods-Todoey.release.xcconfig */ = {isa = PBXFileReference; includeInIndex = 1; lastKnownFileType = text.xcconfig; name = "Pods-Todoey.release.xcconfig"; path = "Pods/Target Support Files/Pods-Todoey/Pods-Todoey.release.xcconfig"; sourceTree = "<group>"; };
/* End PBXFileReference section */

/* Begin PBXFrameworksBuildPhase section */
		919104042009E00D00EED79A /* Frameworks */ = {
			isa = PBXFrameworksBuildPhase;
			buildActionMask = 2147483647;
			files = (
				F9B8D9A89C796C121F92786B /* Pods_Todoey.framework in Frameworks */,
			);
			runOnlyForDeploymentPostprocessing = 0;
		};
/* End PBXFrameworksBuildPhase section */

/* Begin PBXGroup section */
		8EA3FA94C2ED1C32DBB3940F /* Frameworks */ = {
			isa = PBXGroup;
			children = (
				64C6A2C3596EBF97B0BB6152 /* Pods_Todoey.framework */,
			);
			name = Frameworks;
			sourceTree = "<group>";
		};
		919103FE2009E00D00EED79A = {
			isa = PBXGroup;
			children = (
				919104092009E00D00EED79A /* Todoey */,
				919104082009E00D00EED79A /* Products */,
				ED67BC2332D74798ABB6D289 /* Pods */,
				8EA3FA94C2ED1C32DBB3940F /* Frameworks */,
			);
			sourceTree = "<group>";
		};
		919104082009E00D00EED79A /* Products */ = {
			isa = PBXGroup;
			children = (
				919104072009E00D00EED79A /* Todoey.app */,
			);
			name = Products;
			sourceTree = "<group>";
		};
		919104092009E00D00EED79A /* Todoey */ = {
			isa = PBXGroup;
			children = (
				9191040A2009E00D00EED79A /* AppDelegate.swift */,
				9191041E200A27B500EED79A /* Model */,
				91910421200A27DF00EED79A /* View */,
				91910420200A27CF00EED79A /* Controller */,
				91910422200A27F200EED79A /* Supoprting Files */,
				919104162009E00D00EED79A /* Info.plist */,
			);
			path = Todoey;
			sourceTree = "<group>";
		};
		9191041E200A27B500EED79A /* Model */ = {
			isa = PBXGroup;
			children = (
				91D4DF372011BB0F00AC0B3D /* Item.swift */,
				91D4DF392011BB1B00AC0B3D /* Category.swift */,
			);
			path = Model;
			sourceTree = "<group>";
		};
		91910420200A27CF00EED79A /* Controller */ = {
			isa = PBXGroup;
			children = (
				910650762010945000045FEB /* CategoryTableViewController.swift */,
				9191040C2009E00D00EED79A /* ToDoListViewController.swift */,
			);
			path = Controller;
			sourceTree = "<group>";
		};
		91910421200A27DF00EED79A /* View */ = {
			isa = PBXGroup;
			children = (
				9191040E2009E00D00EED79A /* Main.storyboard */,
			);
			path = View;
			sourceTree = "<group>";
		};
		91910422200A27F200EED79A /* Supoprting Files */ = {
			isa = PBXGroup;
			children = (
				919104112009E00D00EED79A /* Assets.xcassets */,
				919104132009E00D00EED79A /* LaunchScreen.storyboard */,
			);
			path = "Supoprting Files";
			sourceTree = "<group>";
		};
		ED67BC2332D74798ABB6D289 /* Pods */ = {
			isa = PBXGroup;
			children = (
				321C7D78DE6D629703AD4AC9 /* Pods-Todoey.debug.xcconfig */,
				E2D2CCFEE3C28F96646CDD2D /* Pods-Todoey.release.xcconfig */,
			);
			name = Pods;
			sourceTree = "<group>";
		};
/* End PBXGroup section */

/* Begin PBXNativeTarget section */
		919104062009E00D00EED79A /* Todoey */ = {
			isa = PBXNativeTarget;
			buildConfigurationList = 919104192009E00D00EED79A /* Build configuration list for PBXNativeTarget "Todoey" */;
			buildPhases = (
				28BB4DC48E1620B72A68B4D3 /* [CP] Check Pods Manifest.lock */,
				919104032009E00D00EED79A /* Sources */,
				919104042009E00D00EED79A /* Frameworks */,
				919104052009E00D00EED79A /* Resources */,
				107275C59883BAC3AB1D4871 /* [CP] Embed Pods Frameworks */,
				BA7A3D34B1EE5EC201AA0798 /* [CP] Copy Pods Resources */,
			);
			buildRules = (
			);
			dependencies = (
			);
			name = Todoey;
			productName = Todoey;
			productReference = 919104072009E00D00EED79A /* Todoey.app */;
			productType = "com.apple.product-type.application";
		};
/* End PBXNativeTarget section */

/* Begin PBXProject section */
		919103FF2009E00D00EED79A /* Project object */ = {
			isa = PBXProject;
			attributes = {
				LastSwiftUpdateCheck = 0920;
				LastUpgradeCheck = 0920;
				ORGANIZATIONNAME = "Hitender Thejaswi";
				TargetAttributes = {
					919104062009E00D00EED79A = {
						CreatedOnToolsVersion = 9.2;
						ProvisioningStyle = Automatic;
					};
				};
			};
			buildConfigurationList = 919104022009E00D00EED79A /* Build configuration list for PBXProject "Todoey" */;
			compatibilityVersion = "Xcode 8.0";
			developmentRegion = en;
			hasScannedForEncodings = 0;
			knownRegions = (
				en,
				Base,
			);
			mainGroup = 919103FE2009E00D00EED79A;
			productRefGroup = 919104082009E00D00EED79A /* Products */;
			projectDirPath = "";
			projectRoot = "";
			targets = (
				919104062009E00D00EED79A /* Todoey */,
			);
		};
/* End PBXProject section */

/* Begin PBXResourcesBuildPhase section */
		919104052009E00D00EED79A /* Resources */ = {
			isa = PBXResourcesBuildPhase;
			buildActionMask = 2147483647;
			files = (
				919104152009E00D00EED79A /* LaunchScreen.storyboard in Resources */,
				919104122009E00D00EED79A /* Assets.xcassets in Resources */,
				919104102009E00D00EED79A /* Main.storyboard in Resources */,
			);
			runOnlyForDeploymentPostprocessing = 0;
		};
/* End PBXResourcesBuildPhase section */

/* Begin PBXShellScriptBuildPhase section */
		107275C59883BAC3AB1D4871 /* [CP] Embed Pods Frameworks */ = {
			isa = PBXShellScriptBuildPhase;
			buildActionMask = 2147483647;
			files = (
			);
			inputPaths = (
				"${SRCROOT}/Pods/Target Support Files/Pods-Todoey/Pods-Todoey-frameworks.sh",
				"${BUILT_PRODUCTS_DIR}/Realm/Realm.framework",
				"${BUILT_PRODUCTS_DIR}/RealmSwift/RealmSwift.framework",
			);
			name = "[CP] Embed Pods Frameworks";
			outputPaths = (
				"${TARGET_BUILD_DIR}/${FRAMEWORKS_FOLDER_PATH}/Realm.framework",
				"${TARGET_BUILD_DIR}/${FRAMEWORKS_FOLDER_PATH}/RealmSwift.framework",
			);
			runOnlyForDeploymentPostprocessing = 0;
			shellPath = /bin/sh;
			shellScript = "\"${SRCROOT}/Pods/Target Support Files/Pods-Todoey/Pods-Todoey-frameworks.sh\"\n";
			showEnvVarsInLog = 0;
		};
		28BB4DC48E1620B72A68B4D3 /* [CP] Check Pods Manifest.lock */ = {
			isa = PBXShellScriptBuildPhase;
			buildActionMask = 2147483647;
			files = (
			);
			inputPaths = (
				"${PODS_PODFILE_DIR_PATH}/Podfile.lock",
				"${PODS_ROOT}/Manifest.lock",
			);
			name = "[CP] Check Pods Manifest.lock";
			outputPaths = (
				"$(DERIVED_FILE_DIR)/Pods-Todoey-checkManifestLockResult.txt",
			);
			runOnlyForDeploymentPostprocessing = 0;
			shellPath = /bin/sh;
			shellScript = "diff \"${PODS_PODFILE_DIR_PATH}/Podfile.lock\" \"${PODS_ROOT}/Manifest.lock\" > /dev/null\nif [ $? != 0 ] ; then\n    # print error to STDERR\n    echo \"error: The sandbox is not in sync with the Podfile.lock. Run 'pod install' or update your CocoaPods installation.\" >&2\n    exit 1\nfi\n# This output is used by Xcode 'outputs' to avoid re-running this script phase.\necho \"SUCCESS\" > \"${SCRIPT_OUTPUT_FILE_0}\"\n";
			showEnvVarsInLog = 0;
		};
		BA7A3D34B1EE5EC201AA0798 /* [CP] Copy Pods Resources */ = {
			isa = PBXShellScriptBuildPhase;
			buildActionMask = 2147483647;
			files = (
			);
			inputPaths = (
			);
			name = "[CP] Copy Pods Resources";
			outputPaths = (
			);
			runOnlyForDeploymentPostprocessing = 0;
			shellPath = /bin/sh;
			shellScript = "\"${SRCROOT}/Pods/Target Support Files/Pods-Todoey/Pods-Todoey-resources.sh\"\n";
			showEnvVarsInLog = 0;
		};
/* End PBXShellScriptBuildPhase section */

/* Begin PBXSourcesBuildPhase section */
		919104032009E00D00EED79A /* Sources */ = {
			isa = PBXSourcesBuildPhase;
			buildActionMask = 2147483647;
			files = (
				91D4DF382011BB0F00AC0B3D /* Item.swift in Sources */,
				910650772010945000045FEB /* CategoryTableViewController.swift in Sources */,
				9191040D2009E00D00EED79A /* ToDoListViewController.swift in Sources */,
				9191040B2009E00D00EED79A /* AppDelegate.swift in Sources */,
				91D4DF3A2011BB1B00AC0B3D /* Category.swift in Sources */,
			);
			runOnlyForDeploymentPostprocessing = 0;
		};
/* End PBXSourcesBuildPhase section */

/* Begin PBXVariantGroup section */
		9191040E2009E00D00EED79A /* Main.storyboard */ = {
			isa = PBXVariantGroup;
			children = (
				9191040F2009E00D00EED79A /* Base */,
			);
			name = Main.storyboard;
			sourceTree = "<group>";
		};
		919104132009E00D00EED79A /* LaunchScreen.storyboard */ = {
			isa = PBXVariantGroup;
			children = (
				919104142009E00D00EED79A /* Base */,
			);
			name = LaunchScreen.storyboard;
			sourceTree = "<group>";
		};
/* End PBXVariantGroup section */

/* Begin XCBuildConfiguration section */
		919104172009E00D00EED79A /* Debug */ = {
			isa = XCBuildConfiguration;
			buildSettings = {
				ALWAYS_SEARCH_USER_PATHS = NO;
				CLANG_ANALYZER_NONNULL = YES;
				CLANG_ANALYZER_NUMBER_OBJECT_CONVERSION = YES_AGGRESSIVE;
				CLANG_CXX_LANGUAGE_STANDARD = "gnu++14";
				CLANG_CXX_LIBRARY = "libc++";
				CLANG_ENABLE_MODULES = YES;
				CLANG_ENABLE_OBJC_ARC = YES;
				CLANG_WARN_BLOCK_CAPTURE_AUTORELEASING = YES;
				CLANG_WARN_BOOL_CONVERSION = YES;
				CLANG_WARN_COMMA = YES;
				CLANG_WARN_CONSTANT_CONVERSION = YES;
				CLANG_WARN_DIRECT_OBJC_ISA_USAGE = YES_ERROR;
				CLANG_WARN_DOCUMENTATION_COMMENTS = YES;
				CLANG_WARN_EMPTY_BODY = YES;
				CLANG_WARN_ENUM_CONVERSION = YES;
				CLANG_WARN_INFINITE_RECURSION = YES;
				CLANG_WARN_INT_CONVERSION = YES;
				CLANG_WARN_NON_LITERAL_NULL_CONVERSION = YES;
				CLANG_WARN_OBJC_LITERAL_CONVERSION = YES;
				CLANG_WARN_OBJC_ROOT_CLASS = YES_ERROR;
				CLANG_WARN_RANGE_LOOP_ANALYSIS = YES;
				CLANG_WARN_STRICT_PROTOTYPES = YES;
				CLANG_WARN_SUSPICIOUS_MOVE = YES;
				CLANG_WARN_UNGUARDED_AVAILABILITY = YES_AGGRESSIVE;
				CLANG_WARN_UNREACHABLE_CODE = YES;
				CLANG_WARN__DUPLICATE_METHOD_MATCH = YES;
				CODE_SIGN_IDENTITY = "iPhone Developer";
				COPY_PHASE_STRIP = NO;
				DEBUG_INFORMATION_FORMAT = dwarf;
				ENABLE_STRICT_OBJC_MSGSEND = YES;
				ENABLE_TESTABILITY = YES;
				GCC_C_LANGUAGE_STANDARD = gnu11;
				GCC_DYNAMIC_NO_PIC = NO;
				GCC_NO_COMMON_BLOCKS = YES;
				GCC_OPTIMIZATION_LEVEL = 0;
				GCC_PREPROCESSOR_DEFINITIONS = (
					"DEBUG=1",
					"$(inherited)",
				);
				GCC_WARN_64_TO_32_BIT_CONVERSION = YES;
				GCC_WARN_ABOUT_RETURN_TYPE = YES_ERROR;
				GCC_WARN_UNDECLARED_SELECTOR = YES;
				GCC_WARN_UNINITIALIZED_AUTOS = YES_AGGRESSIVE;
				GCC_WARN_UNUSED_FUNCTION = YES;
				GCC_WARN_UNUSED_VARIABLE = YES;
				IPHONEOS_DEPLOYMENT_TARGET = 11.2;
				MTL_ENABLE_DEBUG_INFO = YES;
				ONLY_ACTIVE_ARCH = YES;
				SDKROOT = iphoneos;
				SWIFT_ACTIVE_COMPILATION_CONDITIONS = DEBUG;
				SWIFT_OPTIMIZATION_LEVEL = "-Onone";
			};
			name = Debug;
		};
		919104182009E00D00EED79A /* Release */ = {
			isa = XCBuildConfiguration;
			buildSettings = {
				ALWAYS_SEARCH_USER_PATHS = NO;
				CLANG_ANALYZER_NONNULL = YES;
				CLANG_ANALYZER_NUMBER_OBJECT_CONVERSION = YES_AGGRESSIVE;
				CLANG_CXX_LANGUAGE_STANDARD = "gnu++14";
				CLANG_CXX_LIBRARY = "libc++";
				CLANG_ENABLE_MODULES = YES;
				CLANG_ENABLE_OBJC_ARC = YES;
				CLANG_WARN_BLOCK_CAPTURE_AUTORELEASING = YES;
				CLANG_WARN_BOOL_CONVERSION = YES;
				CLANG_WARN_COMMA = YES;
				CLANG_WARN_CONSTANT_CONVERSION = YES;
				CLANG_WARN_DIRECT_OBJC_ISA_USAGE = YES_ERROR;
				CLANG_WARN_DOCUMENTATION_COMMENTS = YES;
				CLANG_WARN_EMPTY_BODY = YES;
				CLANG_WARN_ENUM_CONVERSION = YES;
				CLANG_WARN_INFINITE_RECURSION = YES;
				CLANG_WARN_INT_CONVERSION = YES;
				CLANG_WARN_NON_LITERAL_NULL_CONVERSION = YES;
				CLANG_WARN_OBJC_LITERAL_CONVERSION = YES;
				CLANG_WARN_OBJC_ROOT_CLASS = YES_ERROR;
				CLANG_WARN_RANGE_LOOP_ANALYSIS = YES;
				CLANG_WARN_STRICT_PROTOTYPES = YES;
				CLANG_WARN_SUSPICIOUS_MOVE = YES;
				CLANG_WARN_UNGUARDED_AVAILABILITY = YES_AGGRESSIVE;
				CLANG_WARN_UNREACHABLE_CODE = YES;
				CLANG_WARN__DUPLICATE_METHOD_MATCH = YES;
				CODE_SIGN_IDENTITY = "iPhone Developer";
				COPY_PHASE_STRIP = NO;
				DEBUG_INFORMATION_FORMAT = "dwarf-with-dsym";
				ENABLE_NS_ASSERTIONS = NO;
				ENABLE_STRICT_OBJC_MSGSEND = YES;
				GCC_C_LANGUAGE_STANDARD = gnu11;
				GCC_NO_COMMON_BLOCKS = YES;
				GCC_WARN_64_TO_32_BIT_CONVERSION = YES;
				GCC_WARN_ABOUT_RETURN_TYPE = YES_ERROR;
				GCC_WARN_UNDECLARED_SELECTOR = YES;
				GCC_WARN_UNINITIALIZED_AUTOS = YES_AGGRESSIVE;
				GCC_WARN_UNUSED_FUNCTION = YES;
				GCC_WARN_UNUSED_VARIABLE = YES;
				IPHONEOS_DEPLOYMENT_TARGET = 11.2;
				MTL_ENABLE_DEBUG_INFO = NO;
				SDKROOT = iphoneos;
				SWIFT_OPTIMIZATION_LEVEL = "-Owholemodule";
				VALIDATE_PRODUCT = YES;
			};
			name = Release;
		};
		9191041A2009E00D00EED79A /* Debug */ = {
			isa = XCBuildConfiguration;
			baseConfigurationReference = 321C7D78DE6D629703AD4AC9 /* Pods-Todoey.debug.xcconfig */;
			buildSettings = {
				ASSETCATALOG_COMPILER_APPICON_NAME = AppIcon;
				CODE_SIGN_STYLE = Automatic;
				DEVELOPMENT_TEAM = R783ACM2V9;
				INFOPLIST_FILE = Todoey/Info.plist;
				LD_RUNPATH_SEARCH_PATHS = "$(inherited) @executable_path/Frameworks";
				PRODUCT_BUNDLE_IDENTIFIER = com.HitenderThejaswi.Todoey;
				PRODUCT_NAME = "$(TARGET_NAME)";
				SWIFT_VERSION = 4.0;
				TARGETED_DEVICE_FAMILY = "1,2";
			};
			name = Debug;
		};
		9191041B2009E00D00EED79A /* Release */ = {
			isa = XCBuildConfiguration;
			baseConfigurationReference = E2D2CCFEE3C28F96646CDD2D /* Pods-Todoey.release.xcconfig */;
			buildSettings = {
				ASSETCATALOG_COMPILER_APPICON_NAME = AppIcon;
				CODE_SIGN_STYLE = Automatic;
				DEVELOPMENT_TEAM = R783ACM2V9;
				INFOPLIST_FILE = Todoey/Info.plist;
				LD_RUNPATH_SEARCH_PATHS = "$(inherited) @executable_path/Frameworks";
				PRODUCT_BUNDLE_IDENTIFIER = com.HitenderThejaswi.Todoey;
				PRODUCT_NAME = "$(TARGET_NAME)";
				SWIFT_VERSION = 4.0;
				TARGETED_DEVICE_FAMILY = "1,2";
			};
			name = Release;
		};
/* End XCBuildConfiguration section */

/* Begin XCConfigurationList section */
		919104022009E00D00EED79A /* Build configuration list for PBXProject "Todoey" */ = {
			isa = XCConfigurationList;
			buildConfigurations = (
				919104172009E00D00EED79A /* Debug */,
				919104182009E00D00EED79A /* Release */,
			);
			defaultConfigurationIsVisible = 0;
			defaultConfigurationName = Release;
		};
		919104192009E00D00EED79A /* Build configuration list for PBXNativeTarget "Todoey" */ = {
			isa = XCConfigurationList;
			buildConfigurations = (
				9191041A2009E00D00EED79A /* Debug */,
				9191041B2009E00D00EED79A /* Release */,
			);
			defaultConfigurationIsVisible = 0;
			defaultConfigurationName = Release;
		};
/* End XCConfigurationList section */
	};
	rootObject = 919103FF2009E00D00EED79A /* Project object */;
}
